
Microsoft Visual Studio Solution File, Format Version 12.00
# Visual Studio Version 16
VisualStudioVersion = 16.0.31624.102
MinimumVisualStudioVersion = 10.0.40219.1
Project("{FAE04EC0-301F-11D3-BF4B-00C04F79EFBC}") = "ServerOffice", "ServerOffice\ServerOffice.csproj", "{395A192D-9D87-4B8E-B43C-21FAD71F9E32}"
EndProject
Global
	GlobalSection(SolutionConfigurationPlatforms) = preSolution
		Debug|Any CPU = Debug|Any CPU
		Release|Any CPU = Release|Any CPU
	EndGlobalSection
	GlobalSection(ProjectConfigurationPlatforms) = postSolution
		{395A192D-9D87-4B8E-B43C-21FAD71F9E32}.Debug|Any CPU.ActiveCfg = Debug|Any CPU
		{395A192D-9D87-4B8E-B43C-21FAD71F9E32}.Debug|Any CPU.Build.0 = Debug|Any CPU
		{395A192D-9D87-4B8E-B43C-21FAD71F9E32}.Release|Any CPU.ActiveCfg = Release|Any CPU
		{395A192D-9D87-4B8E-B43C-21FAD71F9E32}.Release|Any CPU.Build.0 = Release|Any CPU
	EndGlobalSection
	GlobalSection(SolutionProperties) = preSolution
		HideSolutionNode = FALSE
	EndGlobalSection
	GlobalSection(ExtensibilityGlobals) = postSolution
		SolutionGuid = {97DA39C7-E5BC-4B57-AEEF-BC73894308BD}
	EndGlobalSection
EndGlobal
